
Microsoft Visual Studio Solution File, Format Version 12.00
# Visual Studio for Mac
Project("{FAE04EC0-301F-11D3-BF4B-00C04F79EFBC}") = "LSnaker", "LSnaker.csproj", "{ADF18E32-69AD-5A1A-3841-B94C3C668211}"
EndProject
Global
	GlobalSection(SolutionConfigurationPlatforms) = preSolution
		Debug|Any CPU = Debug|Any CPU
		Release|Any CPU = Release|Any CPU
	EndGlobalSection
	GlobalSection(ProjectConfigurationPlatforms) = postSolution
		{ADF18E32-69AD-5A1A-3841-B94C3C668211}.Debug|Any CPU.ActiveCfg = Debug|Any CPU
		{ADF18E32-69AD-5A1A-3841-B94C3C668211}.Debug|Any CPU.Build.0 = Debug|Any CPU
		{ADF18E32-69AD-5A1A-3841-B94C3C668211}.Release|Any CPU.ActiveCfg = Release|Any CPU
		{ADF18E32-69AD-5A1A-3841-B94C3C668211}.Release|Any CPU.Build.0 = Release|Any CPU
	EndGlobalSection
	GlobalSection(SolutionProperties) = preSolution
		HideSolutionNode = FALSE
	EndGlobalSection
EndGlobal
